// !$*UTF8*$!
{
	archiveVersion = 1;
	classes = {
	};
	objectVersion = 46;
	objects = {

/* Begin PBXBuildFile section */
		7F8E45821A17476F00195EF4 /* Test_Static_Link_List.c in Sources */ = {isa = PBXBuildFile; fileRef = 7F8E45801A17476F00195EF4 /* Test_Static_Link_List.c */; };
		7FFADD811A164BDF00C5B951 /* Link_Node_Main.c in Sources */ = {isa = PBXBuildFile; fileRef = 7FFADD801A164BDF00C5B951 /* Link_Node_Main.c */; };
		7FFADD851A164C6900C5B951 /* Test.c in Sources */ = {isa = PBXBuildFile; fileRef = 7FFADD841A164C6900C5B951 /* Test.c */; };
		7FFADD881A164D9600C5B951 /* Fibonacci_Progression_TestCase.c in Sources */ = {isa = PBXBuildFile; fileRef = 7FFADD871A164D9600C5B951 /* Fibonacci_Progression_TestCase.c */; };
		7FFADD8B1A164E1D00C5B951 /* Fibonacci_Progression.c in Sources */ = {isa = PBXBuildFile; fileRef = 7FFADD8A1A164E1D00C5B951 /* Fibonacci_Progression.c */; };
		7FFADD8E1A164EBB00C5B951 /* Linear_Link_List.c in Sources */ = {isa = PBXBuildFile; fileRef = 7FFADD8D1A164EBB00C5B951 /* Linear_Link_List.c */; };
		7FFADD911A164F2900C5B951 /* Test_Linear_Link_List.c in Sources */ = {isa = PBXBuildFile; fileRef = 7FFADD901A164F2900C5B951 /* Test_Linear_Link_List.c */; };
		7FFADD941A16501C00C5B951 /* test_and_experiment.c in Sources */ = {isa = PBXBuildFile; fileRef = 7FFADD931A16501C00C5B951 /* test_and_experiment.c */; };
		7FFADD981A166C8E00C5B951 /* Static_Link_List.c in Sources */ = {isa = PBXBuildFile; fileRef = 7FFADD971A166C8E00C5B951 /* Static_Link_List.c */; };
/* End PBXBuildFile section */

/* Begin PBXCopyFilesBuildPhase section */
		7FFADD5B1A16462D00C5B951 /* CopyFiles */ = {
			isa = PBXCopyFilesBuildPhase;
			buildActionMask = 2147483647;
			dstPath = /usr/share/man/man1/;
			dstSubfolderSpec = 0;
			files = (
			);
			runOnlyForDeploymentPostprocessing = 1;
		};
/* End PBXCopyFilesBuildPhase section */

/* Begin PBXFileReference section */
		7F8E45801A17476F00195EF4 /* Test_Static_Link_List.c */ = {isa = PBXFileReference; fileEncoding = 4; lastKnownFileType = sourcecode.c.c; name = Test_Static_Link_List.c; path = Linear_Link_List/Test_Static_Link_List.c; sourceTree = "<group>"; };
		7F8E45811A17476F00195EF4 /* Test_Static_Link_List.h */ = {isa = PBXFileReference; fileEncoding = 4; lastKnownFileType = sourcecode.c.h; name = Test_Static_Link_List.h; path = Linear_Link_List/Test_Static_Link_List.h; sourceTree = "<group>"; };
		7FFADD5D1A16462E00C5B951 /* Link_Node */ = {isa = PBXFileReference; explicitFileType = "compiled.mach-o.executable"; includeInIndex = 0; path = Link_Node; sourceTree = BUILT_PRODUCTS_DIR; };
		7FFADD801A164BDF00C5B951 /* Link_Node_Main.c */ = {isa = PBXFileReference; fileEncoding = 4; lastKnownFileType = sourcecode.c.c; path = Link_Node_Main.c; sourceTree = "<group>"; };
		7FFADD831A164C5000C5B951 /* Test.h */ = {isa = PBXFileReference; lastKnownFileType = sourcecode.c.h; path = Test.h; sourceTree = "<group>"; };
		7FFADD841A164C6900C5B951 /* Test.c */ = {isa = PBXFileReference; fileEncoding = 4; lastKnownFileType = sourcecode.c.c; path = Test.c; sourceTree = "<group>"; };
		7FFADD861A164CBF00C5B951 /* general.h */ = {isa = PBXFileReference; lastKnownFileType = sourcecode.c.h; path = general.h; sourceTree = "<group>"; };
		7FFADD871A164D9600C5B951 /* Fibonacci_Progression_TestCase.c */ = {isa = PBXFileReference; fileEncoding = 4; lastKnownFileType = sourcecode.c.c; name = Fibonacci_Progression_TestCase.c; path = Fibonacci_Progression/Fibonacci_Progression_TestCase.c; sourceTree = "<group>"; };
		7FFADD891A164DDE00C5B951 /* Fibonacci_Progression_TestCase.h */ = {isa = PBXFileReference; lastKnownFileType = sourcecode.c.h; name = Fibonacci_Progression_TestCase.h; path = Fibonacci_Progression/Fibonacci_Progression_TestCase.h; sourceTree = "<group>"; };
		7FFADD8A1A164E1D00C5B951 /* Fibonacci_Progression.c */ = {isa = PBXFileReference; fileEncoding = 4; lastKnownFileType = sourcecode.c.c; name = Fibonacci_Progression.c; path = Fibonacci_Progression/Fibonacci_Progression.c; sourceTree = "<group>"; };
		7FFADD8C1A164E5600C5B951 /* Fibonacci_Progression.h */ = {isa = PBXFileReference; lastKnownFileType = sourcecode.c.h; name = Fibonacci_Progression.h; path = Fibonacci_Progression/Fibonacci_Progression.h; sourceTree = "<group>"; };
		7FFADD8D1A164EBB00C5B951 /* Linear_Link_List.c */ = {isa = PBXFileReference; fileEncoding = 4; lastKnownFileType = sourcecode.c.c; name = Linear_Link_List.c; path = Linear_Link_List/Linear_Link_List.c; sourceTree = "<group>"; };
		7FFADD8F1A164EEF00C5B951 /* Linear_Link_List.h */ = {isa = PBXFileReference; lastKnownFileType = sourcecode.c.h; name = Linear_Link_List.h; path = Linear_Link_List/Linear_Link_List.h; sourceTree = "<group>"; };
		7FFADD901A164F2900C5B951 /* Test_Linear_Link_List.c */ = {isa = PBXFileReference; fileEncoding = 4; lastKnownFileType = sourcecode.c.c; name = Test_Linear_Link_List.c; path = Linear_Link_List/Test_Linear_Link_List.c; sourceTree = "<group>"; };
		7FFADD921A164FAC00C5B951 /* Test_Linear_Link_List.h */ = {isa = PBXFileReference; lastKnownFileType = sourcecode.c.h; name = Test_Linear_Link_List.h; path = Linear_Link_List/Test_Linear_Link_List.h; sourceTree = "<group>"; };
		7FFADD931A16501C00C5B951 /* test_and_experiment.c */ = {isa = PBXFileReference; fileEncoding = 4; lastKnownFileType = sourcecode.c.c; name = test_and_experiment.c; path = misc/test_and_experiment.c; sourceTree = "<group>"; };
		7FFADD951A16504F00C5B951 /* test_and_experiment.h */ = {isa = PBXFileReference; lastKnownFileType = sourcecode.c.h; name = test_and_experiment.h; path = misc/test_and_experiment.h; sourceTree = "<group>"; };
		7FFADD961A166C6900C5B951 /* Static_Link_List.h */ = {isa = PBXFileReference; lastKnownFileType = sourcecode.c.h; name = Static_Link_List.h; path = Linear_Link_List/Static_Link_List.h; sourceTree = "<group>"; };
		7FFADD971A166C8E00C5B951 /* Static_Link_List.c */ = {isa = PBXFileReference; fileEncoding = 4; lastKnownFileType = sourcecode.c.c; name = Static_Link_List.c; path = Linear_Link_List/Static_Link_List.c; sourceTree = "<group>"; };
/* End PBXFileReference section */

/* Begin PBXFrameworksBuildPhase section */
		7FFADD5A1A16462D00C5B951 /* Frameworks */ = {
			isa = PBXFrameworksBuildPhase;
			buildActionMask = 2147483647;
			files = (
			);
			runOnlyForDeploymentPostprocessing = 0;
		};
/* End PBXFrameworksBuildPhase section */

/* Begin PBXGroup section */
		7FFADD541A16462D00C5B951 = {
			isa = PBXGroup;
			children = (
				7FFADD5F1A16462E00C5B951 /* Link_Node */,
				7FFADD5E1A16462E00C5B951 /* Products */,
			);
			sourceTree = "<group>";
		};
		7FFADD5E1A16462E00C5B951 /* Products */ = {
			isa = PBXGroup;
			children = (
				7FFADD5D1A16462E00C5B951 /* Link_Node */,
			);
			name = Products;
			sourceTree = "<group>";
		};
		7FFADD5F1A16462E00C5B951 /* Link_Node */ = {
			isa = PBXGroup;
			children = (
				7FFADD701A16490D00C5B951 /* Circular_Link_List */,
				7FFADD6F1A1648E000C5B951 /* misc */,
				7FFADD6E1A16477F00C5B951 /* Fibonacci_Progression */,
				7FFADD6D1A16476800C5B951 /* Linear_Link_List */,
				7FFADD801A164BDF00C5B951 /* Link_Node_Main.c */,
				7FFADD831A164C5000C5B951 /* Test.h */,
				7FFADD841A164C6900C5B951 /* Test.c */,
				7FFADD861A164CBF00C5B951 /* general.h */,
			);
			path = Link_Node;
			sourceTree = "<group>";
		};
		7FFADD6D1A16476800C5B951 /* Linear_Link_List */ = {
			isa = PBXGroup;
			children = (
				7FFADD8D1A164EBB00C5B951 /* Linear_Link_List.c */,
				7FFADD8F1A164EEF00C5B951 /* Linear_Link_List.h */,
				7FFADD901A164F2900C5B951 /* Test_Linear_Link_List.c */,
				7FFADD921A164FAC00C5B951 /* Test_Linear_Link_List.h */,
				7FFADD961A166C6900C5B951 /* Static_Link_List.h */,
				7FFADD971A166C8E00C5B951 /* Static_Link_List.c */,
				7F8E45801A17476F00195EF4 /* Test_Static_Link_List.c */,
				7F8E45811A17476F00195EF4 /* Test_Static_Link_List.h */,
			);
			name = Linear_Link_List;
			sourceTree = "<group>";
		};
		7FFADD6E1A16477F00C5B951 /* Fibonacci_Progression */ = {
			isa = PBXGroup;
			children = (
				7FFADD871A164D9600C5B951 /* Fibonacci_Progression_TestCase.c */,
				7FFADD891A164DDE00C5B951 /* Fibonacci_Progression_TestCase.h */,
				7FFADD8A1A164E1D00C5B951 /* Fibonacci_Progression.c */,
				7FFADD8C1A164E5600C5B951 /* Fibonacci_Progression.h */,
			);
			name = Fibonacci_Progression;
			sourceTree = "<group>";
		};
		7FFADD6F1A1648E000C5B951 /* misc */ = {
			isa = PBXGroup;
			children = (
				7FFADD931A16501C00C5B951 /* test_and_experiment.c */,
				7FFADD951A16504F00C5B951 /* test_and_experiment.h */,
			);
			name = misc;
			sourceTree = "<group>";
		};
		7FFADD701A16490D00C5B951 /* Circular_Link_List */ = {
			isa = PBXGroup;
			children = (
			);
			name = Circular_Link_List;
			sourceTree = "<group>";
		};
/* End PBXGroup section */

/* Begin PBXNativeTarget section */
		7FFADD5C1A16462D00C5B951 /* Link_Node */ = {
			isa = PBXNativeTarget;
			buildConfigurationList = 7FFADD641A16462E00C5B951 /* Build configuration list for PBXNativeTarget "Link_Node" */;
			buildPhases = (
				7FFADD591A16462D00C5B951 /* Sources */,
				7FFADD5A1A16462D00C5B951 /* Frameworks */,
				7FFADD5B1A16462D00C5B951 /* CopyFiles */,
			);
			buildRules = (
			);
			dependencies = (
			);
			name = Link_Node;
			productName = Link_Node;
			productReference = 7FFADD5D1A16462E00C5B951 /* Link_Node */;
			productType = "com.apple.product-type.tool";
		};
/* End PBXNativeTarget section */

/* Begin PBXProject section */
		7FFADD551A16462D00C5B951 /* Project object */ = {
			isa = PBXProject;
			attributes = {
				LastUpgradeCheck = 0610;
				ORGANIZATIONNAME = "Xu Zan";
				TargetAttributes = {
					7FFADD5C1A16462D00C5B951 = {
						CreatedOnToolsVersion = 6.1;
					};
				};
			};
			buildConfigurationList = 7FFADD581A16462D00C5B951 /* Build configuration list for PBXProject "Link_Node" */;
			compatibilityVersion = "Xcode 3.2";
			developmentRegion = English;
			hasScannedForEncodings = 0;
			knownRegions = (
				en,
			);
			mainGroup = 7FFADD541A16462D00C5B951;
			productRefGroup = 7FFADD5E1A16462E00C5B951 /* Products */;
			projectDirPath = "";
			projectRoot = "";
			targets = (
				7FFADD5C1A16462D00C5B951 /* Link_Node */,
			);
		};
/* End PBXProject section */

/* Begin PBXSourcesBuildPhase section */
		7FFADD591A16462D00C5B951 /* Sources */ = {
			isa = PBXSourcesBuildPhase;
			buildActionMask = 2147483647;
			files = (
				7FFADD911A164F2900C5B951 /* Test_Linear_Link_List.c in Sources */,
				7FFADD8E1A164EBB00C5B951 /* Linear_Link_List.c in Sources */,
				7FFADD8B1A164E1D00C5B951 /* Fibonacci_Progression.c in Sources */,
				7F8E45821A17476F00195EF4 /* Test_Static_Link_List.c in Sources */,
				7FFADD981A166C8E00C5B951 /* Static_Link_List.c in Sources */,
				7FFADD811A164BDF00C5B951 /* Link_Node_Main.c in Sources */,
				7FFADD851A164C6900C5B951 /* Test.c in Sources */,
				7FFADD881A164D9600C5B951 /* Fibonacci_Progression_TestCase.c in Sources */,
				7FFADD941A16501C00C5B951 /* test_and_experiment.c in Sources */,
			);
			runOnlyForDeploymentPostprocessing = 0;
		};
/* End PBXSourcesBuildPhase section */

/* Begin XCBuildConfiguration section */
		7FFADD621A16462E00C5B951 /* Debug */ = {
			isa = XCBuildConfiguration;
			buildSettings = {
				ALWAYS_SEARCH_USER_PATHS = NO;
				CLANG_CXX_LANGUAGE_STANDARD = "gnu++0x";
				CLANG_CXX_LIBRARY = "libc++";
				CLANG_ENABLE_MODULES = YES;
				CLANG_ENABLE_OBJC_ARC = YES;
				CLANG_WARN_BOOL_CONVERSION = YES;
				CLANG_WARN_CONSTANT_CONVERSION = YES;
				CLANG_WARN_DIRECT_OBJC_ISA_USAGE = YES_ERROR;
				CLANG_WARN_EMPTY_BODY = YES;
				CLANG_WARN_ENUM_CONVERSION = YES;
				CLANG_WARN_INT_CONVERSION = YES;
				CLANG_WARN_OBJC_ROOT_CLASS = YES_ERROR;
				CLANG_WARN_UNREACHABLE_CODE = YES;
				CLANG_WARN__DUPLICATE_METHOD_MATCH = YES;
				COPY_PHASE_STRIP = NO;
				ENABLE_STRICT_OBJC_MSGSEND = YES;
				GCC_C_LANGUAGE_STANDARD = gnu99;
				GCC_DYNAMIC_NO_PIC = NO;
				GCC_OPTIMIZATION_LEVEL = 0;
				GCC_PREPROCESSOR_DEFINITIONS = (
					"DEBUG=1",
					"$(inherited)",
				);
				GCC_SYMBOLS_PRIVATE_EXTERN = NO;
				GCC_WARN_64_TO_32_BIT_CONVERSION = YES;
				GCC_WARN_ABOUT_RETURN_TYPE = YES_ERROR;
				GCC_WARN_UNDECLARED_SELECTOR = YES;
				GCC_WARN_UNINITIALIZED_AUTOS = YES_AGGRESSIVE;
				GCC_WARN_UNUSED_FUNCTION = YES;
				GCC_WARN_UNUSED_VARIABLE = YES;
				MACOSX_DEPLOYMENT_TARGET = 10.10;
				MTL_ENABLE_DEBUG_INFO = YES;
				ONLY_ACTIVE_ARCH = YES;
				SDKROOT = macosx;
			};
			name = Debug;
		};
		7FFADD631A16462E00C5B951 /* Release */ = {
			isa = XCBuildConfiguration;
			buildSettings = {
				ALWAYS_SEARCH_USER_PATHS = NO;
				CLANG_CXX_LANGUAGE_STANDARD = "gnu++0x";
				CLANG_CXX_LIBRARY = "libc++";
				CLANG_ENABLE_MODULES = YES;
				CLANG_ENABLE_OBJC_ARC = YES;
				CLANG_WARN_BOOL_CONVERSION = YES;
				CLANG_WARN_CONSTANT_CONVERSION = YES;
				CLANG_WARN_DIRECT_OBJC_ISA_USAGE = YES_ERROR;
				CLANG_WARN_EMPTY_BODY = YES;
				CLANG_WARN_ENUM_CONVERSION = YES;
				CLANG_WARN_INT_CONVERSION = YES;
				CLANG_WARN_OBJC_ROOT_CLASS = YES_ERROR;
				CLANG_WARN_UNREACHABLE_CODE = YES;
				CLANG_WARN__DUPLICATE_METHOD_MATCH = YES;
				COPY_PHASE_STRIP = YES;
				DEBUG_INFORMATION_FORMAT = "dwarf-with-dsym";
				ENABLE_NS_ASSERTIONS = NO;
				ENABLE_STRICT_OBJC_MSGSEND = YES;
				GCC_C_LANGUAGE_STANDARD = gnu99;
				GCC_WARN_64_TO_32_BIT_CONVERSION = YES;
				GCC_WARN_ABOUT_RETURN_TYPE = YES_ERROR;
				GCC_WARN_UNDECLARED_SELECTOR = YES;
				GCC_WARN_UNINITIALIZED_AUTOS = YES_AGGRESSIVE;
				GCC_WARN_UNUSED_FUNCTION = YES;
				GCC_WARN_UNUSED_VARIABLE = YES;
				MACOSX_DEPLOYMENT_TARGET = 10.10;
				MTL_ENABLE_DEBUG_INFO = NO;
				SDKROOT = macosx;
			};
			name = Release;
		};
		7FFADD651A16462E00C5B951 /* Debug */ = {
			isa = XCBuildConfiguration;
			buildSettings = {
				PRODUCT_NAME = "$(TARGET_NAME)";
			};
			name = Debug;
		};
		7FFADD661A16462E00C5B951 /* Release */ = {
			isa = XCBuildConfiguration;
			buildSettings = {
				PRODUCT_NAME = "$(TARGET_NAME)";
			};
			name = Release;
		};
/* End XCBuildConfiguration section */

/* Begin XCConfigurationList section */
		7FFADD581A16462D00C5B951 /* Build configuration list for PBXProject "Link_Node" */ = {
			isa = XCConfigurationList;
			buildConfigurations = (
				7FFADD621A16462E00C5B951 /* Debug */,
				7FFADD631A16462E00C5B951 /* Release */,
			);
			defaultConfigurationIsVisible = 0;
			defaultConfigurationName = Release;
		};
		7FFADD641A16462E00C5B951 /* Build configuration list for PBXNativeTarget "Link_Node" */ = {
			isa = XCConfigurationList;
			buildConfigurations = (
				7FFADD651A16462E00C5B951 /* Debug */,
				7FFADD661A16462E00C5B951 /* Release */,
			);
			defaultConfigurationIsVisible = 0;
			defaultConfigurationName = Release;
		};
/* End XCConfigurationList section */
	};
	rootObject = 7FFADD551A16462D00C5B951 /* Project object */;
}
