// !$*UTF8*$!
{
	archiveVersion = 1;
	classes = {
	};
	objectVersion = 46;
	objects = {

/* Begin PBXBuildFile section */
		7F7DBC211A2193C5005B8FBE /* main.c in Sources */ = {isa = PBXBuildFile; fileRef = 7F7DBC201A2193C5005B8FBE /* main.c */; };
		7F7DBC291A21A06A005B8FBE /* Test.c in Sources */ = {isa = PBXBuildFile; fileRef = 7F7DBC271A21A06A005B8FBE /* Test.c */; };
		7F7DBC2C1A21A088005B8FBE /* Application.c in Sources */ = {isa = PBXBuildFile; fileRef = 7F7DBC2A1A21A088005B8FBE /* Application.c */; };
		7F7DBC311A21A589005B8FBE /* Stack.c in Sources */ = {isa = PBXBuildFile; fileRef = 7F7DBC2F1A21A589005B8FBE /* Stack.c */; };
		7F7DBC341A21A87C005B8FBE /* Test_Stack.c in Sources */ = {isa = PBXBuildFile; fileRef = 7F7DBC321A21A87C005B8FBE /* Test_Stack.c */; };
/* End PBXBuildFile section */

/* Begin PBXCopyFilesBuildPhase section */
		7F7DBC1B1A2193C5005B8FBE /* CopyFiles */ = {
			isa = PBXCopyFilesBuildPhase;
			buildActionMask = 2147483647;
			dstPath = /usr/share/man/man1/;
			dstSubfolderSpec = 0;
			files = (
			);
			runOnlyForDeploymentPostprocessing = 1;
		};
/* End PBXCopyFilesBuildPhase section */

/* Begin PBXFileReference section */
		7F7DBC1D1A2193C5005B8FBE /* Stack_and_Queue */ = {isa = PBXFileReference; explicitFileType = "compiled.mach-o.executable"; includeInIndex = 0; path = Stack_and_Queue; sourceTree = BUILT_PRODUCTS_DIR; };
		7F7DBC201A2193C5005B8FBE /* main.c */ = {isa = PBXFileReference; lastKnownFileType = sourcecode.c.c; path = main.c; sourceTree = "<group>"; };
		7F7DBC271A21A06A005B8FBE /* Test.c */ = {isa = PBXFileReference; fileEncoding = 4; lastKnownFileType = sourcecode.c.c; path = Test.c; sourceTree = "<group>"; };
		7F7DBC281A21A06A005B8FBE /* Test.h */ = {isa = PBXFileReference; fileEncoding = 4; lastKnownFileType = sourcecode.c.h; path = Test.h; sourceTree = "<group>"; };
		7F7DBC2A1A21A088005B8FBE /* Application.c */ = {isa = PBXFileReference; fileEncoding = 4; lastKnownFileType = sourcecode.c.c; path = Application.c; sourceTree = "<group>"; };
		7F7DBC2B1A21A088005B8FBE /* Application.h */ = {isa = PBXFileReference; fileEncoding = 4; lastKnownFileType = sourcecode.c.h; path = Application.h; sourceTree = "<group>"; };
		7F7DBC2F1A21A589005B8FBE /* Stack.c */ = {isa = PBXFileReference; fileEncoding = 4; lastKnownFileType = sourcecode.c.c; name = Stack.c; path = Stack/Stack.c; sourceTree = "<group>"; };
		7F7DBC301A21A589005B8FBE /* Stack.h */ = {isa = PBXFileReference; fileEncoding = 4; lastKnownFileType = sourcecode.c.h; name = Stack.h; path = Stack/Stack.h; sourceTree = "<group>"; };
		7F7DBC321A21A87C005B8FBE /* Test_Stack.c */ = {isa = PBXFileReference; fileEncoding = 4; lastKnownFileType = sourcecode.c.c; name = Test_Stack.c; path = Stack/Test_Stack.c; sourceTree = "<group>"; };
		7F7DBC331A21A87C005B8FBE /* Test_Stack.h */ = {isa = PBXFileReference; fileEncoding = 4; lastKnownFileType = sourcecode.c.h; name = Test_Stack.h; path = Stack/Test_Stack.h; sourceTree = "<group>"; };
		7F7DBC351A21B6FC005B8FBE /* general.h */ = {isa = PBXFileReference; lastKnownFileType = sourcecode.c.h; path = general.h; sourceTree = "<group>"; };
/* End PBXFileReference section */

/* Begin PBXFrameworksBuildPhase section */
		7F7DBC1A1A2193C5005B8FBE /* Frameworks */ = {
			isa = PBXFrameworksBuildPhase;
			buildActionMask = 2147483647;
			files = (
			);
			runOnlyForDeploymentPostprocessing = 0;
		};
/* End PBXFrameworksBuildPhase section */

/* Begin PBXGroup section */
		7F7DBC141A2193C5005B8FBE = {
			isa = PBXGroup;
			children = (
				7F7DBC1F1A2193C5005B8FBE /* Stack_and_Queue */,
				7F7DBC1E1A2193C5005B8FBE /* Products */,
			);
			sourceTree = "<group>";
		};
		7F7DBC1E1A2193C5005B8FBE /* Products */ = {
			isa = PBXGroup;
			children = (
				7F7DBC1D1A2193C5005B8FBE /* Stack_and_Queue */,
			);
			name = Products;
			sourceTree = "<group>";
		};
		7F7DBC1F1A2193C5005B8FBE /* Stack_and_Queue */ = {
			isa = PBXGroup;
			children = (
				7F7DBC2E1A21A0BE005B8FBE /* Queue */,
				7F7DBC2D1A21A0B3005B8FBE /* Stack */,
				7F7DBC201A2193C5005B8FBE /* main.c */,
				7F7DBC271A21A06A005B8FBE /* Test.c */,
				7F7DBC281A21A06A005B8FBE /* Test.h */,
				7F7DBC2A1A21A088005B8FBE /* Application.c */,
				7F7DBC2B1A21A088005B8FBE /* Application.h */,
				7F7DBC351A21B6FC005B8FBE /* general.h */,
			);
			path = Stack_and_Queue;
			sourceTree = "<group>";
		};
		7F7DBC2D1A21A0B3005B8FBE /* Stack */ = {
			isa = PBXGroup;
			children = (
				7F7DBC2F1A21A589005B8FBE /* Stack.c */,
				7F7DBC301A21A589005B8FBE /* Stack.h */,
				7F7DBC321A21A87C005B8FBE /* Test_Stack.c */,
				7F7DBC331A21A87C005B8FBE /* Test_Stack.h */,
			);
			name = Stack;
			sourceTree = "<group>";
		};
		7F7DBC2E1A21A0BE005B8FBE /* Queue */ = {
			isa = PBXGroup;
			children = (
			);
			name = Queue;
			sourceTree = "<group>";
		};
/* End PBXGroup section */

/* Begin PBXNativeTarget section */
		7F7DBC1C1A2193C5005B8FBE /* Stack_and_Queue */ = {
			isa = PBXNativeTarget;
			buildConfigurationList = 7F7DBC241A2193C5005B8FBE /* Build configuration list for PBXNativeTarget "Stack_and_Queue" */;
			buildPhases = (
				7F7DBC191A2193C5005B8FBE /* Sources */,
				7F7DBC1A1A2193C5005B8FBE /* Frameworks */,
				7F7DBC1B1A2193C5005B8FBE /* CopyFiles */,
			);
			buildRules = (
			);
			dependencies = (
			);
			name = Stack_and_Queue;
			productName = Stack_and_Queue;
			productReference = 7F7DBC1D1A2193C5005B8FBE /* Stack_and_Queue */;
			productType = "com.apple.product-type.tool";
		};
/* End PBXNativeTarget section */

/* Begin PBXProject section */
		7F7DBC151A2193C5005B8FBE /* Project object */ = {
			isa = PBXProject;
			attributes = {
				LastUpgradeCheck = 0610;
				ORGANIZATIONNAME = "Xu Zan";
				TargetAttributes = {
					7F7DBC1C1A2193C5005B8FBE = {
						CreatedOnToolsVersion = 6.1;
					};
				};
			};
			buildConfigurationList = 7F7DBC181A2193C5005B8FBE /* Build configuration list for PBXProject "Stack_and_Queue" */;
			compatibilityVersion = "Xcode 3.2";
			developmentRegion = English;
			hasScannedForEncodings = 0;
			knownRegions = (
				en,
			);
			mainGroup = 7F7DBC141A2193C5005B8FBE;
			productRefGroup = 7F7DBC1E1A2193C5005B8FBE /* Products */;
			projectDirPath = "";
			projectRoot = "";
			targets = (
				7F7DBC1C1A2193C5005B8FBE /* Stack_and_Queue */,
			);
		};
/* End PBXProject section */

/* Begin PBXSourcesBuildPhase section */
		7F7DBC191A2193C5005B8FBE /* Sources */ = {
			isa = PBXSourcesBuildPhase;
			buildActionMask = 2147483647;
			files = (
				7F7DBC2C1A21A088005B8FBE /* Application.c in Sources */,
				7F7DBC341A21A87C005B8FBE /* Test_Stack.c in Sources */,
				7F7DBC211A2193C5005B8FBE /* main.c in Sources */,
				7F7DBC311A21A589005B8FBE /* Stack.c in Sources */,
				7F7DBC291A21A06A005B8FBE /* Test.c in Sources */,
			);
			runOnlyForDeploymentPostprocessing = 0;
		};
/* End PBXSourcesBuildPhase section */

/* Begin XCBuildConfiguration section */
		7F7DBC221A2193C5005B8FBE /* Debug */ = {
			isa = XCBuildConfiguration;
			buildSettings = {
				ALWAYS_SEARCH_USER_PATHS = NO;
				CLANG_CXX_LANGUAGE_STANDARD = "gnu++0x";
				CLANG_CXX_LIBRARY = "libc++";
				CLANG_ENABLE_MODULES = YES;
				CLANG_ENABLE_OBJC_ARC = YES;
				CLANG_WARN_BOOL_CONVERSION = YES;
				CLANG_WARN_CONSTANT_CONVERSION = YES;
				CLANG_WARN_DIRECT_OBJC_ISA_USAGE = YES_ERROR;
				CLANG_WARN_EMPTY_BODY = YES;
				CLANG_WARN_ENUM_CONVERSION = YES;
				CLANG_WARN_INT_CONVERSION = YES;
				CLANG_WARN_OBJC_ROOT_CLASS = YES_ERROR;
				CLANG_WARN_UNREACHABLE_CODE = YES;
				CLANG_WARN__DUPLICATE_METHOD_MATCH = YES;
				COPY_PHASE_STRIP = NO;
				ENABLE_STRICT_OBJC_MSGSEND = YES;
				GCC_C_LANGUAGE_STANDARD = gnu99;
				GCC_DYNAMIC_NO_PIC = NO;
				GCC_OPTIMIZATION_LEVEL = 0;
				GCC_PREPROCESSOR_DEFINITIONS = (
					"DEBUG=1",
					"$(inherited)",
				);
				GCC_SYMBOLS_PRIVATE_EXTERN = NO;
				GCC_WARN_64_TO_32_BIT_CONVERSION = YES;
				GCC_WARN_ABOUT_RETURN_TYPE = YES_ERROR;
				GCC_WARN_UNDECLARED_SELECTOR = YES;
				GCC_WARN_UNINITIALIZED_AUTOS = YES_AGGRESSIVE;
				GCC_WARN_UNUSED_FUNCTION = YES;
				GCC_WARN_UNUSED_VARIABLE = YES;
				MACOSX_DEPLOYMENT_TARGET = 10.10;
				MTL_ENABLE_DEBUG_INFO = YES;
				ONLY_ACTIVE_ARCH = YES;
				SDKROOT = macosx;
			};
			name = Debug;
		};
		7F7DBC231A2193C5005B8FBE /* Release */ = {
			isa = XCBuildConfiguration;
			buildSettings = {
				ALWAYS_SEARCH_USER_PATHS = NO;
				CLANG_CXX_LANGUAGE_STANDARD = "gnu++0x";
				CLANG_CXX_LIBRARY = "libc++";
				CLANG_ENABLE_MODULES = YES;
				CLANG_ENABLE_OBJC_ARC = YES;
				CLANG_WARN_BOOL_CONVERSION = YES;
				CLANG_WARN_CONSTANT_CONVERSION = YES;
				CLANG_WARN_DIRECT_OBJC_ISA_USAGE = YES_ERROR;
				CLANG_WARN_EMPTY_BODY = YES;
				CLANG_WARN_ENUM_CONVERSION = YES;
				CLANG_WARN_INT_CONVERSION = YES;
				CLANG_WARN_OBJC_ROOT_CLASS = YES_ERROR;
				CLANG_WARN_UNREACHABLE_CODE = YES;
				CLANG_WARN__DUPLICATE_METHOD_MATCH = YES;
				COPY_PHASE_STRIP = YES;
				DEBUG_INFORMATION_FORMAT = "dwarf-with-dsym";
				ENABLE_NS_ASSERTIONS = NO;
				ENABLE_STRICT_OBJC_MSGSEND = YES;
				GCC_C_LANGUAGE_STANDARD = gnu99;
				GCC_WARN_64_TO_32_BIT_CONVERSION = YES;
				GCC_WARN_ABOUT_RETURN_TYPE = YES_ERROR;
				GCC_WARN_UNDECLARED_SELECTOR = YES;
				GCC_WARN_UNINITIALIZED_AUTOS = YES_AGGRESSIVE;
				GCC_WARN_UNUSED_FUNCTION = YES;
				GCC_WARN_UNUSED_VARIABLE = YES;
				MACOSX_DEPLOYMENT_TARGET = 10.10;
				MTL_ENABLE_DEBUG_INFO = NO;
				SDKROOT = macosx;
			};
			name = Release;
		};
		7F7DBC251A2193C5005B8FBE /* Debug */ = {
			isa = XCBuildConfiguration;
			buildSettings = {
				PRODUCT_NAME = "$(TARGET_NAME)";
			};
			name = Debug;
		};
		7F7DBC261A2193C5005B8FBE /* Release */ = {
			isa = XCBuildConfiguration;
			buildSettings = {
				PRODUCT_NAME = "$(TARGET_NAME)";
			};
			name = Release;
		};
/* End XCBuildConfiguration section */

/* Begin XCConfigurationList section */
		7F7DBC181A2193C5005B8FBE /* Build configuration list for PBXProject "Stack_and_Queue" */ = {
			isa = XCConfigurationList;
			buildConfigurations = (
				7F7DBC221A2193C5005B8FBE /* Debug */,
				7F7DBC231A2193C5005B8FBE /* Release */,
			);
			defaultConfigurationIsVisible = 0;
			defaultConfigurationName = Release;
		};
		7F7DBC241A2193C5005B8FBE /* Build configuration list for PBXNativeTarget "Stack_and_Queue" */ = {
			isa = XCConfigurationList;
			buildConfigurations = (
				7F7DBC251A2193C5005B8FBE /* Debug */,
				7F7DBC261A2193C5005B8FBE /* Release */,
			);
			defaultConfigurationIsVisible = 0;
		};
/* End XCConfigurationList section */
	};
	rootObject = 7F7DBC151A2193C5005B8FBE /* Project object */;
}
