
Microsoft Visual Studio Solution File, Format Version 10.00
# Visual Studio 2008
Project("{8BC9CEB8-8B4A-11D0-8D11-00A0C91BC942}") = "Tree", "Tree\Tree.vcproj", "{B68D578D-CDC9-4DB6-BDAB-2F6B4B5A5436}"
EndProject
Global
	GlobalSection(SolutionConfigurationPlatforms) = preSolution
		Debug|Win32 = Debug|Win32
		Release|Win32 = Release|Win32
	EndGlobalSection
	GlobalSection(ProjectConfigurationPlatforms) = postSolution
		{B68D578D-CDC9-4DB6-BDAB-2F6B4B5A5436}.Debug|Win32.ActiveCfg = Debug|Win32
		{B68D578D-CDC9-4DB6-BDAB-2F6B4B5A5436}.Debug|Win32.Build.0 = Debug|Win32
		{B68D578D-CDC9-4DB6-BDAB-2F6B4B5A5436}.Release|Win32.ActiveCfg = Release|Win32
		{B68D578D-CDC9-4DB6-BDAB-2F6B4B5A5436}.Release|Win32.Build.0 = Release|Win32
	EndGlobalSection
	GlobalSection(SolutionProperties) = preSolution
		HideSolutionNode = FALSE
	EndGlobalSection
EndGlobal
